Microsoft Visual Studio Solution File, Format Version 12.00
# Visual Studio Version 17
VisualStudioVersion = 17.5.2.0
MinimumVisualStudioVersion = 10.0.40219.1
Project("{FAE04EC0-301F-11D3-BF4B-00C04F79EFBC}") = "Reverse Integer #7", "Reverse Integer #7.csproj", "{842C7BF3-FA7C-0900-4FC4-9EA157982CCB}"
EndProject
Global
	GlobalSection(SolutionConfigurationPlatforms) = preSolution
		Debug|Any CPU = Debug|Any CPU
		Release|Any CPU = Release|Any CPU
	EndGlobalSection
	GlobalSection(ProjectConfigurationPlatforms) = postSolution
		{842C7BF3-FA7C-0900-4FC4-9EA157982CCB}.Debug|Any CPU.ActiveCfg = Debug|Any CPU
		{842C7BF3-FA7C-0900-4FC4-9EA157982CCB}.Debug|Any CPU.Build.0 = Debug|Any CPU
		{842C7BF3-FA7C-0900-4FC4-9EA157982CCB}.Release|Any CPU.ActiveCfg = Release|Any CPU
		{842C7BF3-FA7C-0900-4FC4-9EA157982CCB}.Release|Any CPU.Build.0 = Release|Any CPU
	EndGlobalSection
	GlobalSection(SolutionProperties) = preSolution
		HideSolutionNode = FALSE
	EndGlobalSection
	GlobalSection(ExtensibilityGlobals) = postSolution
		SolutionGuid = {B3FF4CE5-193B-4E65-B4A3-3F8D470022CF}
	EndGlobalSection
EndGlobal
