Microsoft Visual Studio Solution File, Format Version 12.00
# Visual Studio Version 17
VisualStudioVersion = 17.5.2.0
MinimumVisualStudioVersion = 10.0.40219.1
Project("{FAE04EC0-301F-11D3-BF4B-00C04F79EFBC}") = "Longest Common Prefix #14", "Longest Common Prefix #14.csproj", "{16FDC170-CE7C-E2C8-BC22-368DBFA567D4}"
EndProject
Global
	GlobalSection(SolutionConfigurationPlatforms) = preSolution
		Debug|Any CPU = Debug|Any CPU
		Release|Any CPU = Release|Any CPU
	EndGlobalSection
	GlobalSection(ProjectConfigurationPlatforms) = postSolution
		{16FDC170-CE7C-E2C8-BC22-368DBFA567D4}.Debug|Any CPU.ActiveCfg = Debug|Any CPU
		{16FDC170-CE7C-E2C8-BC22-368DBFA567D4}.Debug|Any CPU.Build.0 = Debug|Any CPU
		{16FDC170-CE7C-E2C8-BC22-368DBFA567D4}.Release|Any CPU.ActiveCfg = Release|Any CPU
		{16FDC170-CE7C-E2C8-BC22-368DBFA567D4}.Release|Any CPU.Build.0 = Release|Any CPU
	EndGlobalSection
	GlobalSection(SolutionProperties) = preSolution
		HideSolutionNode = FALSE
	EndGlobalSection
	GlobalSection(ExtensibilityGlobals) = postSolution
		SolutionGuid = {6267D57E-DA7F-4D2E-97A7-B4B20203504C}
	EndGlobalSection
EndGlobal
