Microsoft Visual Studio Solution File, Format Version 12.00
# Visual Studio Version 17
VisualStudioVersion = 17.5.2.0
MinimumVisualStudioVersion = 10.0.40219.1
Project("{FAE04EC0-301F-11D3-BF4B-00C04F79EFBC}") = "Palindrome Number #9", "Palindrome Number #9.csproj", "{D2BF9C59-325B-7E17-87AE-685EC1C90EDE}"
EndProject
Global
	GlobalSection(SolutionConfigurationPlatforms) = preSolution
		Debug|Any CPU = Debug|Any CPU
		Release|Any CPU = Release|Any CPU
	EndGlobalSection
	GlobalSection(ProjectConfigurationPlatforms) = postSolution
		{D2BF9C59-325B-7E17-87AE-685EC1C90EDE}.Debug|Any CPU.ActiveCfg = Debug|Any CPU
		{D2BF9C59-325B-7E17-87AE-685EC1C90EDE}.Debug|Any CPU.Build.0 = Debug|Any CPU
		{D2BF9C59-325B-7E17-87AE-685EC1C90EDE}.Release|Any CPU.ActiveCfg = Release|Any CPU
		{D2BF9C59-325B-7E17-87AE-685EC1C90EDE}.Release|Any CPU.Build.0 = Release|Any CPU
	EndGlobalSection
	GlobalSection(SolutionProperties) = preSolution
		HideSolutionNode = FALSE
	EndGlobalSection
	GlobalSection(ExtensibilityGlobals) = postSolution
		SolutionGuid = {FB99F48B-5147-410E-9BE8-C7BD39491F11}
	EndGlobalSection
EndGlobal
